
Microsoft Visual Studio Solution File, Format Version 12.00
# Visual Studio Version 17
VisualStudioVersion = 17.7.34202.233
MinimumVisualStudioVersion = 10.0.40219.1
Project("{FAE04EC0-301F-11D3-BF4B-00C04F79EFBC}") = "itsEVEST", "itsEVEST\itsEVEST.csproj", "{6E681C78-939A-4313-BA8C-59C5ED885A23}"
EndProject
Global
	GlobalSection(SolutionConfigurationPlatforms) = preSolution
		Debug|Any CPU = Debug|Any CPU
		Release|Any CPU = Release|Any CPU
	EndGlobalSection
	GlobalSection(ProjectConfigurationPlatforms) = postSolution
		{6E681C78-939A-4313-BA8C-59C5ED885A23}.Debug|Any CPU.ActiveCfg = Debug|Any CPU
		{6E681C78-939A-4313-BA8C-59C5ED885A23}.Debug|Any CPU.Build.0 = Debug|Any CPU
		{6E681C78-939A-4313-BA8C-59C5ED885A23}.Release|Any CPU.ActiveCfg = Release|Any CPU
		{6E681C78-939A-4313-BA8C-59C5ED885A23}.Release|Any CPU.Build.0 = Release|Any CPU
	EndGlobalSection
	GlobalSection(SolutionProperties) = preSolution
		HideSolutionNode = FALSE
	EndGlobalSection
	GlobalSection(ExtensibilityGlobals) = postSolution
		SolutionGuid = {BB4609C9-D369-43DC-8172-EAE9B4A0005B}
	EndGlobalSection
EndGlobal
